
Microsoft Visual Studio Solution File, Format Version 12.00
Project("{2150E333-8FDC-42A3-9474-1A3956D46DE8}") = "LabWork№2", "LabWork№2", "{108D1CD3-6057-4A83-9D40-5D5640313F1B}"
EndProject
Project("{FAE04EC0-301F-11D3-BF4B-00C04F79EFBC}") = "Server", "Server\Server.csproj", "{91785D1D-72FF-4AB4-9856-93A5CA56814C}"
EndProject
Project("{FAE04EC0-301F-11D3-BF4B-00C04F79EFBC}") = "Client", "Client\Client.csproj", "{26CB3D05-0C21-4CD7-9E69-735E562EE704}"
EndProject
Project("{FAE04EC0-301F-11D3-BF4B-00C04F79EFBC}") = "Messages", "Messages\Messages.csproj", "{C96A264D-6D98-4159-B0F8-04EF665A62E0}"
EndProject
Global
	GlobalSection(SolutionConfigurationPlatforms) = preSolution
		Debug|Any CPU = Debug|Any CPU
		Release|Any CPU = Release|Any CPU
	EndGlobalSection
	GlobalSection(NestedProjects) = preSolution
		{91785D1D-72FF-4AB4-9856-93A5CA56814C} = {108D1CD3-6057-4A83-9D40-5D5640313F1B}
		{26CB3D05-0C21-4CD7-9E69-735E562EE704} = {108D1CD3-6057-4A83-9D40-5D5640313F1B}
		{C96A264D-6D98-4159-B0F8-04EF665A62E0} = {108D1CD3-6057-4A83-9D40-5D5640313F1B}
	EndGlobalSection
	GlobalSection(ProjectConfigurationPlatforms) = postSolution
		{91785D1D-72FF-4AB4-9856-93A5CA56814C}.Debug|Any CPU.ActiveCfg = Debug|Any CPU
		{91785D1D-72FF-4AB4-9856-93A5CA56814C}.Debug|Any CPU.Build.0 = Debug|Any CPU
		{91785D1D-72FF-4AB4-9856-93A5CA56814C}.Release|Any CPU.ActiveCfg = Release|Any CPU
		{91785D1D-72FF-4AB4-9856-93A5CA56814C}.Release|Any CPU.Build.0 = Release|Any CPU
		{26CB3D05-0C21-4CD7-9E69-735E562EE704}.Debug|Any CPU.ActiveCfg = Debug|Any CPU
		{26CB3D05-0C21-4CD7-9E69-735E562EE704}.Debug|Any CPU.Build.0 = Debug|Any CPU
		{26CB3D05-0C21-4CD7-9E69-735E562EE704}.Release|Any CPU.ActiveCfg = Release|Any CPU
		{26CB3D05-0C21-4CD7-9E69-735E562EE704}.Release|Any CPU.Build.0 = Release|Any CPU
		{C96A264D-6D98-4159-B0F8-04EF665A62E0}.Debug|Any CPU.ActiveCfg = Debug|Any CPU
		{C96A264D-6D98-4159-B0F8-04EF665A62E0}.Debug|Any CPU.Build.0 = Debug|Any CPU
		{C96A264D-6D98-4159-B0F8-04EF665A62E0}.Release|Any CPU.ActiveCfg = Release|Any CPU
		{C96A264D-6D98-4159-B0F8-04EF665A62E0}.Release|Any CPU.Build.0 = Release|Any CPU
	EndGlobalSection
EndGlobal
